
Microsoft Visual Studio Solution File, Format Version 12.00
# Visual Studio Version 17
VisualStudioVersion = 17.9.34622.214
MinimumVisualStudioVersion = 10.0.40219.1
Project("{FAE04EC0-301F-11D3-BF4B-00C04F79EFBC}") = "Server", "Server\Server.csproj", "{0FCDC346-7047-48D4-BA9D-E4B5C878F5FE}"
EndProject
Project("{FAE04EC0-301F-11D3-BF4B-00C04F79EFBC}") = "TCPKlijent", "TCPKlijent\TCPKlijent.csproj", "{D16F2F8E-9638-40EE-9F77-47F49B50FE46}"
EndProject
Project("{FAE04EC0-301F-11D3-BF4B-00C04F79EFBC}") = "Klase", "Klase\Klase.csproj", "{A0A7FA00-99C9-449A-A3A5-8142122A8CD2}"
EndProject
Project("{FAE04EC0-301F-11D3-BF4B-00C04F79EFBC}") = "Enumeracije", "Enumeracije\Enumeracije.csproj", "{8EE9BEC6-1670-467E-A262-A6D7DD77C882}"
EndProject
Project("{FAE04EC0-301F-11D3-BF4B-00C04F79EFBC}") = "UrgentnaJedinica", "UrgentnaJedinica\UrgentnaJedinica.csproj", "{D8A98A1F-78FA-47F6-BEEC-DA8A7EA5F5FE}"
EndProject
Project("{FAE04EC0-301F-11D3-BF4B-00C04F79EFBC}") = "DijagnostickaJedinica", "DijagnostickaJedinica\DijagnostickaJedinica.csproj", "{74C9AFF2-8F36-4F05-BD42-C6E4B099DF6E}"
EndProject
Project("{FAE04EC0-301F-11D3-BF4B-00C04F79EFBC}") = "TerapeutskaJedinica", "TerapeutskaJedinica\TerapeutskaJedinica.csproj", "{70637EA2-C068-461A-BA36-77F2EBD3B24B}"
EndProject
Global
	GlobalSection(SolutionConfigurationPlatforms) = preSolution
		Debug|Any CPU = Debug|Any CPU
		Release|Any CPU = Release|Any CPU
	EndGlobalSection
	GlobalSection(ProjectConfigurationPlatforms) = postSolution
		{0FCDC346-7047-48D4-BA9D-E4B5C878F5FE}.Debug|Any CPU.ActiveCfg = Debug|Any CPU
		{0FCDC346-7047-48D4-BA9D-E4B5C878F5FE}.Debug|Any CPU.Build.0 = Debug|Any CPU
		{0FCDC346-7047-48D4-BA9D-E4B5C878F5FE}.Release|Any CPU.ActiveCfg = Release|Any CPU
		{0FCDC346-7047-48D4-BA9D-E4B5C878F5FE}.Release|Any CPU.Build.0 = Release|Any CPU
		{D16F2F8E-9638-40EE-9F77-47F49B50FE46}.Debug|Any CPU.ActiveCfg = Debug|Any CPU
		{D16F2F8E-9638-40EE-9F77-47F49B50FE46}.Debug|Any CPU.Build.0 = Debug|Any CPU
		{D16F2F8E-9638-40EE-9F77-47F49B50FE46}.Release|Any CPU.ActiveCfg = Release|Any CPU
		{D16F2F8E-9638-40EE-9F77-47F49B50FE46}.Release|Any CPU.Build.0 = Release|Any CPU
		{A0A7FA00-99C9-449A-A3A5-8142122A8CD2}.Debug|Any CPU.ActiveCfg = Debug|Any CPU
		{A0A7FA00-99C9-449A-A3A5-8142122A8CD2}.Debug|Any CPU.Build.0 = Debug|Any CPU
		{A0A7FA00-99C9-449A-A3A5-8142122A8CD2}.Release|Any CPU.ActiveCfg = Release|Any CPU
		{A0A7FA00-99C9-449A-A3A5-8142122A8CD2}.Release|Any CPU.Build.0 = Release|Any CPU
		{8EE9BEC6-1670-467E-A262-A6D7DD77C882}.Debug|Any CPU.ActiveCfg = Debug|Any CPU
		{8EE9BEC6-1670-467E-A262-A6D7DD77C882}.Debug|Any CPU.Build.0 = Debug|Any CPU
		{8EE9BEC6-1670-467E-A262-A6D7DD77C882}.Release|Any CPU.ActiveCfg = Release|Any CPU
		{8EE9BEC6-1670-467E-A262-A6D7DD77C882}.Release|Any CPU.Build.0 = Release|Any CPU
		{D8A98A1F-78FA-47F6-BEEC-DA8A7EA5F5FE}.Debug|Any CPU.ActiveCfg = Debug|Any CPU
		{D8A98A1F-78FA-47F6-BEEC-DA8A7EA5F5FE}.Debug|Any CPU.Build.0 = Debug|Any CPU
		{D8A98A1F-78FA-47F6-BEEC-DA8A7EA5F5FE}.Release|Any CPU.ActiveCfg = Release|Any CPU
		{D8A98A1F-78FA-47F6-BEEC-DA8A7EA5F5FE}.Release|Any CPU.Build.0 = Release|Any CPU
		{74C9AFF2-8F36-4F05-BD42-C6E4B099DF6E}.Debug|Any CPU.ActiveCfg = Debug|Any CPU
		{74C9AFF2-8F36-4F05-BD42-C6E4B099DF6E}.Debug|Any CPU.Build.0 = Debug|Any CPU
		{74C9AFF2-8F36-4F05-BD42-C6E4B099DF6E}.Release|Any CPU.ActiveCfg = Release|Any CPU
		{74C9AFF2-8F36-4F05-BD42-C6E4B099DF6E}.Release|Any CPU.Build.0 = Release|Any CPU
		{70637EA2-C068-461A-BA36-77F2EBD3B24B}.Debug|Any CPU.ActiveCfg = Debug|Any CPU
		{70637EA2-C068-461A-BA36-77F2EBD3B24B}.Debug|Any CPU.Build.0 = Debug|Any CPU
		{70637EA2-C068-461A-BA36-77F2EBD3B24B}.Release|Any CPU.ActiveCfg = Release|Any CPU
		{70637EA2-C068-461A-BA36-77F2EBD3B24B}.Release|Any CPU.Build.0 = Release|Any CPU
	EndGlobalSection
	GlobalSection(SolutionProperties) = preSolution
		HideSolutionNode = FALSE
	EndGlobalSection
	GlobalSection(ExtensibilityGlobals) = postSolution
		SolutionGuid = {E9CDD322-37BF-4F88-859F-E4FC53AF3701}
	EndGlobalSection
EndGlobal
